// !$*UTF8*$!
{
	archiveVersion = 1;
	classes = {
	};
	objectVersion = 52;
	objects = {

/* Begin PBXBuildFile section */
		8107853426A1528B00ED1D0A /* ExportCodeModel.swift in Sources */ = {isa = PBXBuildFile; fileRef = 8107853326A1528B00ED1D0A /* ExportCodeModel.swift */; };
		8114173026A1542300AFAF93 /* DBase32.swift in Sources */ = {isa = PBXBuildFile; fileRef = 8107853026A1526E00ED1D0A /* DBase32.swift */; };
		8114173126A1542300AFAF93 /* MCGCDTime.swift in Sources */ = {isa = PBXBuildFile; fileRef = 8107853126A1526E00ED1D0A /* MCGCDTime.swift */; };
		8114173226A1542300AFAF93 /* CustomAnimatedTransitioning.swift in Sources */ = {isa = PBXBuildFile; fileRef = 8107853226A1526E00ED1D0A /* CustomAnimatedTransitioning.swift */; };
		8114173526A16FF800AFAF93 /* ModifyCodeNameViewController.swift in Sources */ = {isa = PBXBuildFile; fileRef = 8114173426A16FF800AFAF93 /* ModifyCodeNameViewController.swift */; };
		8114173826A1800A00AFAF93 /* DeleteCodeHUDViewController.swift in Sources */ = {isa = PBXBuildFile; fileRef = 8114173726A1800A00AFAF93 /* DeleteCodeHUDViewController.swift */; };
		8122F8FE26A66216001717E7 /* TJBioAuthenticator.swift in Sources */ = {isa = PBXBuildFile; fileRef = 813AC23F26A2CFEA00A609F5 /* TJBioAuthenticator.swift */; };
		8122F90126A66776001717E7 /* ServiceClauseViewController.swift in Sources */ = {isa = PBXBuildFile; fileRef = 8122F90026A66776001717E7 /* ServiceClauseViewController.swift */; };
		813AC20F26A2C14A00A609F5 /* UIAlertControllerExtension.swift in Sources */ = {isa = PBXBuildFile; fileRef = 813AC20E26A2C14A00A609F5 /* UIAlertControllerExtension.swift */; };
		813AC21226A2C39B00A609F5 /* NSObjectExtension.swift in Sources */ = {isa = PBXBuildFile; fileRef = 813AC21126A2C39B00A609F5 /* NSObjectExtension.swift */; };
		813AC24026A2CFEA00A609F5 /* TJAuthErrors.swift in Sources */ = {isa = PBXBuildFile; fileRef = 813AC23D26A2CFEA00A609F5 /* TJAuthErrors.swift */; };
		813AC24126A2CFEA00A609F5 /* TJDefaultMessages.swift in Sources */ = {isa = PBXBuildFile; fileRef = 813AC23E26A2CFEA00A609F5 /* TJDefaultMessages.swift */; };
		813AC24626A2CFF600A609F5 /* alertHelper.swift in Sources */ = {isa = PBXBuildFile; fileRef = 813AC24426A2CFF600A609F5 /* alertHelper.swift */; };
		813AC24726A2CFF600A609F5 /* keyBoardHelper.swift in Sources */ = {isa = PBXBuildFile; fileRef = 813AC24526A2CFF600A609F5 /* keyBoardHelper.swift */; };
		815A6687269EB2BE00E54774 /* SettingViewController.swift in Sources */ = {isa = PBXBuildFile; fileRef = 815A6686269EB2BE00E54774 /* SettingViewController.swift */; };
		815A668A269EC3E300E54774 /* AddCodeViewController.swift in Sources */ = {isa = PBXBuildFile; fileRef = 815A6689269EC3E300E54774 /* AddCodeViewController.swift */; };
		815A6692269EDD8400E54774 /* SettingCodeViewController.swift in Sources */ = {isa = PBXBuildFile; fileRef = 815A6691269EDD8400E54774 /* SettingCodeViewController.swift */; };
		815A6695269EDD9E00E54774 /* SettingCodeView.swift in Sources */ = {isa = PBXBuildFile; fileRef = 815A6694269EDD9E00E54774 /* SettingCodeView.swift */; };
		815A6698269EE87C00E54774 /* PrivacyFaceIDViewController.swift in Sources */ = {isa = PBXBuildFile; fileRef = 815A6697269EE87C00E54774 /* PrivacyFaceIDViewController.swift */; };
		815A669B269EE8D500E54774 /* UsageIDViewController.swift in Sources */ = {isa = PBXBuildFile; fileRef = 815A669A269EE8D500E54774 /* UsageIDViewController.swift */; };
		815A669F269EF01A00E54774 /* FeedBackViewController.swift in Sources */ = {isa = PBXBuildFile; fileRef = 815A669E269EF01A00E54774 /* FeedBackViewController.swift */; };
		81659A60269C22FC005C9336 /* AppDelegate.swift in Sources */ = {isa = PBXBuildFile; fileRef = 81659A5F269C22FC005C9336 /* AppDelegate.swift */; };
		81659A64269C22FC005C9336 /* ViewController.swift in Sources */ = {isa = PBXBuildFile; fileRef = 81659A63269C22FC005C9336 /* ViewController.swift */; };
		81659A67269C22FC005C9336 /* Main.storyboard in Resources */ = {isa = PBXBuildFile; fileRef = 81659A65269C22FC005C9336 /* Main.storyboard */; };
		81659A69269C22FE005C9336 /* Assets.xcassets in Resources */ = {isa = PBXBuildFile; fileRef = 81659A68269C22FE005C9336 /* Assets.xcassets */; };
		81659A6C269C22FE005C9336 /* LaunchScreen.storyboard in Resources */ = {isa = PBXBuildFile; fileRef = 81659A6A269C22FE005C9336 /* LaunchScreen.storyboard */; };
		81659A77269C32D2005C9336 /* BaseNavigationController.swift in Sources */ = {isa = PBXBuildFile; fileRef = 81659A76269C32D2005C9336 /* BaseNavigationController.swift */; };
		81659ABB269C330F005C9336 /* PublicFunc.swift in Sources */ = {isa = PBXBuildFile; fileRef = 81659A9B269C330E005C9336 /* PublicFunc.swift */; };
		81659ABC269C330F005C9336 /* MacroColor.swift in Sources */ = {isa = PBXBuildFile; fileRef = 81659A9C269C330E005C9336 /* MacroColor.swift */; };
		81659ABD269C330F005C9336 /* Extension.swift in Sources */ = {isa = PBXBuildFile; fileRef = 81659A9D269C330E005C9336 /* Extension.swift */; };
		81659ABE269C330F005C9336 /* Macro.swift in Sources */ = {isa = PBXBuildFile; fileRef = 81659A9E269C330E005C9336 /* Macro.swift */; };
		81659ABF269C330F005C9336 /* KeyedDecodingContainer+Extension.swift in Sources */ = {isa = PBXBuildFile; fileRef = 81659A9F269C330E005C9336 /* KeyedDecodingContainer+Extension.swift */; };
		81659AC0269C330F005C9336 /* UIButtonExtension.swift in Sources */ = {isa = PBXBuildFile; fileRef = 81659AA1269C330E005C9336 /* UIButtonExtension.swift */; };
		81659AC1269C330F005C9336 /* UIImageViewExtension.swift in Sources */ = {isa = PBXBuildFile; fileRef = 81659AA2269C330E005C9336 /* UIImageViewExtension.swift */; };
		81659AC2269C330F005C9336 /* UIColorExtension.swift in Sources */ = {isa = PBXBuildFile; fileRef = 81659AA3269C330E005C9336 /* UIColorExtension.swift */; };
		81659AC3269C330F005C9336 /* UITextViewExtension.swift in Sources */ = {isa = PBXBuildFile; fileRef = 81659AA4269C330E005C9336 /* UITextViewExtension.swift */; };
		81659AC4269C330F005C9336 /* ArrayExtension.swift in Sources */ = {isa = PBXBuildFile; fileRef = 81659AA5269C330E005C9336 /* ArrayExtension.swift */; };
		81659AC5269C330F005C9336 /* UITextFieldExtension.swift in Sources */ = {isa = PBXBuildFile; fileRef = 81659AA6269C330E005C9336 /* UITextFieldExtension.swift */; };
		81659AC6269C330F005C9336 /* UILabelExtension.swift in Sources */ = {isa = PBXBuildFile; fileRef = 81659AA7269C330E005C9336 /* UILabelExtension.swift */; };
		81659AC8269C330F005C9336 /* UIViewControllerExtension.swift in Sources */ = {isa = PBXBuildFile; fileRef = 81659AA9269C330E005C9336 /* UIViewControllerExtension.swift */; };
		81659AC9269C330F005C9336 /* TableViewExt.swift in Sources */ = {isa = PBXBuildFile; fileRef = 81659AAA269C330E005C9336 /* TableViewExt.swift */; };
		81659ACA269C330F005C9336 /* UIViewExtension.swift in Sources */ = {isa = PBXBuildFile; fileRef = 81659AAB269C330E005C9336 /* UIViewExtension.swift */; };
		81659ACB269C330F005C9336 /* UISliderExtension.swift in Sources */ = {isa = PBXBuildFile; fileRef = 81659AAC269C330E005C9336 /* UISliderExtension.swift */; };
		81659ACC269C330F005C9336 /* UITextFiledExtension.swift in Sources */ = {isa = PBXBuildFile; fileRef = 81659AAD269C330E005C9336 /* UITextFiledExtension.swift */; };
		81659ACD269C330F005C9336 /* UIStackView+Extension.swift in Sources */ = {isa = PBXBuildFile; fileRef = 81659AAE269C330E005C9336 /* UIStackView+Extension.swift */; };
		81659ACE269C330F005C9336 /* ProgressHUDManager.swift in Sources */ = {isa = PBXBuildFile; fileRef = 81659AAF269C330E005C9336 /* ProgressHUDManager.swift */; };
		81659ACF269C330F005C9336 /* UINavigationControllerExtension.swift in Sources */ = {isa = PBXBuildFile; fileRef = 81659AB0269C330E005C9336 /* UINavigationControllerExtension.swift */; };
		81659AD0269C330F005C9336 /* StringExtension.swift in Sources */ = {isa = PBXBuildFile; fileRef = 81659AB1269C330E005C9336 /* StringExtension.swift */; };
		81659AD1269C330F005C9336 /* EXNavigationPresenter.swift in Sources */ = {isa = PBXBuildFile; fileRef = 81659AB2269C330E005C9336 /* EXNavigationPresenter.swift */; };
		81659AD2269C330F005C9336 /* UIImageExtension.swift in Sources */ = {isa = PBXBuildFile; fileRef = 81659AB3269C330E005C9336 /* UIImageExtension.swift */; };
		81659AD3269C330F005C9336 /* FileTools.swift in Sources */ = {isa = PBXBuildFile; fileRef = 81659AB4269C330E005C9336 /* FileTools.swift */; };
		81659AD4269C330F005C9336 /* OTCTextFeild.swift in Sources */ = {isa = PBXBuildFile; fileRef = 81659AB5269C330E005C9336 /* OTCTextFeild.swift */; };
		81659AD5269C330F005C9336 /* UIProgressViewExtension.swift in Sources */ = {isa = PBXBuildFile; fileRef = 81659AB6269C330F005C9336 /* UIProgressViewExtension.swift */; };
		81659AD6269C330F005C9336 /* UISegmentedControlExtension.swift in Sources */ = {isa = PBXBuildFile; fileRef = 81659AB7269C330F005C9336 /* UISegmentedControlExtension.swift */; };
		81659AD7269C330F005C9336 /* ThemeFont.swift in Sources */ = {isa = PBXBuildFile; fileRef = 81659AB8269C330F005C9336 /* ThemeFont.swift */; };
		81659AD8269C330F005C9336 /* SaveFiles.swift in Sources */ = {isa = PBXBuildFile; fileRef = 81659AB9269C330F005C9336 /* SaveFiles.swift */; };
		81659AD9269C330F005C9336 /* Enum.swift in Sources */ = {isa = PBXBuildFile; fileRef = 81659ABA269C330F005C9336 /* Enum.swift */; };
		81659ADE269C3461005C9336 /* HomeViewController.swift in Sources */ = {isa = PBXBuildFile; fileRef = 81659ADD269C3461005C9336 /* HomeViewController.swift */; };
		81659AEF269C44F7005C9336 /* MenuViewController.swift in Sources */ = {isa = PBXBuildFile; fileRef = 81659AEE269C44F7005C9336 /* MenuViewController.swift */; };
		81660DF7269FCA4000A94D75 /* ExportCodeViewController.swift in Sources */ = {isa = PBXBuildFile; fileRef = 81660DF6269FCA4000A94D75 /* ExportCodeViewController.swift */; };
		81660DFA269FD0AC00A94D75 /* ExportSelectCodeViewController.swift in Sources */ = {isa = PBXBuildFile; fileRef = 81660DF9269FD0AC00A94D75 /* ExportSelectCodeViewController.swift */; };
		81660E0B26A005C600A94D75 /* CodeScan.bundle in Resources */ = {isa = PBXBuildFile; fileRef = 81660E0A26A005C600A94D75 /* CodeScan.bundle */; };
		81660E1326A00B2000A94D75 /* ModifyListViewController.swift in Sources */ = {isa = PBXBuildFile; fileRef = 81660E1226A00B2000A94D75 /* ModifyListViewController.swift */; };
		81660E1726A0140C00A94D75 /* ModifyListTableViewCell.swift in Sources */ = {isa = PBXBuildFile; fileRef = 81660E1526A0140C00A94D75 /* ModifyListTableViewCell.swift */; };
		81660E1826A0140C00A94D75 /* ModifyListTableViewCell.xib in Resources */ = {isa = PBXBuildFile; fileRef = 81660E1626A0140C00A94D75 /* ModifyListTableViewCell.xib */; };
		81660E4226A0361100A94D75 /* TOTPGenerator.m in Sources */ = {isa = PBXBuildFile; fileRef = 81660E3A26A0308F00A94D75 /* TOTPGenerator.m */; };
		81660E4326A0361100A94D75 /* GTMStringEncoding.m in Sources */ = {isa = PBXBuildFile; fileRef = 81660E3B26A0308F00A94D75 /* GTMStringEncoding.m */; };
		81660E4426A0361100A94D75 /* OTPGenerator.m in Sources */ = {isa = PBXBuildFile; fileRef = 81660E3926A0308F00A94D75 /* OTPGenerator.m */; };
		8171BA67269C4BF700686093 /* SVProgressHUD.framework in Frameworks */ = {isa = PBXBuildFile; fileRef = 8171BA66269C4BF700686093 /* SVProgressHUD.framework */; };
		8171BA6B269C506400686093 /* SideMenu in Frameworks */ = {isa = PBXBuildFile; productRef = 8171BA6A269C506400686093 /* SideMenu */; };
		81B004B8269D440200F46EC2 /* HomeListTableViewCell.swift in Sources */ = {isa = PBXBuildFile; fileRef = 81B004B6269D440200F46EC2 /* HomeListTableViewCell.swift */; };
		81B004B9269D440200F46EC2 /* HomeListTableViewCell.xib in Resources */ = {isa = PBXBuildFile; fileRef = 81B004B7269D440200F46EC2 /* HomeListTableViewCell.xib */; };
		81B004BC269D6B7000F46EC2 /* Roboto-BoldItalic.ttf in Resources */ = {isa = PBXBuildFile; fileRef = 81B004BB269D6B7000F46EC2 /* Roboto-BoldItalic.ttf */; };
		81B004CA269D7C1400F46EC2 /* CircleProgressView.swift in Sources */ = {isa = PBXBuildFile; fileRef = 81B004C9269D7C1400F46EC2 /* CircleProgressView.swift */; };
		81B004D9269D820B00F46EC2 /* RPCircularProgress.swift in Sources */ = {isa = PBXBuildFile; fileRef = 81B004D8269D820B00F46EC2 /* RPCircularProgress.swift */; };
		81CEEEDC26A1933E00500E6C /* ExportQRCodeViewController.swift in Sources */ = {isa = PBXBuildFile; fileRef = 81CEEEDB26A1933E00500E6C /* ExportQRCodeViewController.swift */; };
		81CEEEDF26A19CBE00500E6C /* DeleteExportCodeViewController.swift in Sources */ = {isa = PBXBuildFile; fileRef = 81CEEEDE26A19CBE00500E6C /* DeleteExportCodeViewController.swift */; };
		D0B8B3C7826B375C7BFFBA94 /* Pods_DBChainCode.framework in Frameworks */ = {isa = PBXBuildFile; fileRef = 1A45A9C5BCD313A1A3CB497F /* Pods_DBChainCode.framework */; };
/* End PBXBuildFile section */

/* Begin PBXFileReference section */
		06D5FC66AB045CDD3BD5BAB2 /* Pods-DBChainCode.release.xcconfig */ = {isa = PBXFileReference; includeInIndex = 1; lastKnownFileType = text.xcconfig; name = "Pods-DBChainCode.release.xcconfig"; path = "Target Support Files/Pods-DBChainCode/Pods-DBChainCode.release.xcconfig"; sourceTree = "<group>"; };
		1A45A9C5BCD313A1A3CB497F /* Pods_DBChainCode.framework */ = {isa = PBXFileReference; explicitFileType = wrapper.framework; includeInIndex = 0; path = Pods_DBChainCode.framework; sourceTree = BUILT_PRODUCTS_DIR; };
		8107853026A1526E00ED1D0A /* DBase32.swift */ = {isa = PBXFileReference; lastKnownFileType = sourcecode.swift; path = DBase32.swift; sourceTree = "<group>"; };
		8107853126A1526E00ED1D0A /* MCGCDTime.swift */ = {isa = PBXFileReference; lastKnownFileType = sourcecode.swift; path = MCGCDTime.swift; sourceTree = "<group>"; };
		8107853226A1526E00ED1D0A /* CustomAnimatedTransitioning.swift */ = {isa = PBXFileReference; lastKnownFileType = sourcecode.swift; path = CustomAnimatedTransitioning.swift; sourceTree = "<group>"; };
		8107853326A1528B00ED1D0A /* ExportCodeModel.swift */ = {isa = PBXFileReference; lastKnownFileType = sourcecode.swift; path = ExportCodeModel.swift; sourceTree = "<group>"; };
		8114173426A16FF800AFAF93 /* ModifyCodeNameViewController.swift */ = {isa = PBXFileReference; lastKnownFileType = sourcecode.swift; path = ModifyCodeNameViewController.swift; sourceTree = "<group>"; };
		8114173726A1800A00AFAF93 /* DeleteCodeHUDViewController.swift */ = {isa = PBXFileReference; lastKnownFileType = sourcecode.swift; path = DeleteCodeHUDViewController.swift; sourceTree = "<group>"; };
		8122F90026A66776001717E7 /* ServiceClauseViewController.swift */ = {isa = PBXFileReference; lastKnownFileType = sourcecode.swift; path = ServiceClauseViewController.swift; sourceTree = "<group>"; };
		813AC20E26A2C14A00A609F5 /* UIAlertControllerExtension.swift */ = {isa = PBXFileReference; lastKnownFileType = sourcecode.swift; path = UIAlertControllerExtension.swift; sourceTree = "<group>"; };
		813AC21126A2C39B00A609F5 /* NSObjectExtension.swift */ = {isa = PBXFileReference; lastKnownFileType = sourcecode.swift; path = NSObjectExtension.swift; sourceTree = "<group>"; };
		813AC23D26A2CFEA00A609F5 /* TJAuthErrors.swift */ = {isa = PBXFileReference; fileEncoding = 4; lastKnownFileType = sourcecode.swift; path = TJAuthErrors.swift; sourceTree = "<group>"; };
		813AC23E26A2CFEA00A609F5 /* TJDefaultMessages.swift */ = {isa = PBXFileReference; fileEncoding = 4; lastKnownFileType = sourcecode.swift; path = TJDefaultMessages.swift; sourceTree = "<group>"; };
		813AC23F26A2CFEA00A609F5 /* TJBioAuthenticator.swift */ = {isa = PBXFileReference; fileEncoding = 4; lastKnownFileType = sourcecode.swift; path = TJBioAuthenticator.swift; sourceTree = "<group>"; };
		813AC24426A2CFF600A609F5 /* alertHelper.swift */ = {isa = PBXFileReference; fileEncoding = 4; lastKnownFileType = sourcecode.swift; path = alertHelper.swift; sourceTree = "<group>"; };
		813AC24526A2CFF600A609F5 /* keyBoardHelper.swift */ = {isa = PBXFileReference; fileEncoding = 4; lastKnownFileType = sourcecode.swift; path = keyBoardHelper.swift; sourceTree = "<group>"; };
		815A6686269EB2BE00E54774 /* SettingViewController.swift */ = {isa = PBXFileReference; lastKnownFileType = sourcecode.swift; path = SettingViewController.swift; sourceTree = "<group>"; };
		815A6689269EC3E300E54774 /* AddCodeViewController.swift */ = {isa = PBXFileReference; lastKnownFileType = sourcecode.swift; path = AddCodeViewController.swift; sourceTree = "<group>"; };
		815A6691269EDD8400E54774 /* SettingCodeViewController.swift */ = {isa = PBXFileReference; lastKnownFileType = sourcecode.swift; path = SettingCodeViewController.swift; sourceTree = "<group>"; };
		815A6694269EDD9E00E54774 /* SettingCodeView.swift */ = {isa = PBXFileReference; lastKnownFileType = sourcecode.swift; path = SettingCodeView.swift; sourceTree = "<group>"; };
		815A6697269EE87C00E54774 /* PrivacyFaceIDViewController.swift */ = {isa = PBXFileReference; lastKnownFileType = sourcecode.swift; path = PrivacyFaceIDViewController.swift; sourceTree = "<group>"; };
		815A669A269EE8D500E54774 /* UsageIDViewController.swift */ = {isa = PBXFileReference; lastKnownFileType = sourcecode.swift; path = UsageIDViewController.swift; sourceTree = "<group>"; };
		815A669E269EF01A00E54774 /* FeedBackViewController.swift */ = {isa = PBXFileReference; lastKnownFileType = sourcecode.swift; path = FeedBackViewController.swift; sourceTree = "<group>"; };
		81659A5C269C22FC005C9336 /* DBChainCode.app */ = {isa = PBXFileReference; explicitFileType = wrapper.application; includeInIndex = 0; path = DBChainCode.app; sourceTree = BUILT_PRODUCTS_DIR; };
		81659A5F269C22FC005C9336 /* AppDelegate.swift */ = {isa = PBXFileReference; lastKnownFileType = sourcecode.swift; path = AppDelegate.swift; sourceTree = "<group>"; };
		81659A63269C22FC005C9336 /* ViewController.swift */ = {isa = PBXFileReference; lastKnownFileType = sourcecode.swift; path = ViewController.swift; sourceTree = "<group>"; };
		81659A66269C22FC005C9336 /* Base */ = {isa = PBXFileReference; lastKnownFileType = file.storyboard; name = Base; path = Base.lproj/Main.storyboard; sourceTree = "<group>"; };
		81659A68269C22FE005C9336 /* Assets.xcassets */ = {isa = PBXFileReference; lastKnownFileType = folder.assetcatalog; path = Assets.xcassets; sourceTree = "<group>"; };
		81659A6B269C22FE005C9336 /* Base */ = {isa = PBXFileReference; lastKnownFileType = file.storyboard; name = Base; path = Base.lproj/LaunchScreen.storyboard; sourceTree = "<group>"; };
		81659A6D269C22FE005C9336 /* Info.plist */ = {isa = PBXFileReference; lastKnownFileType = text.plist.xml; path = Info.plist; sourceTree = "<group>"; };
		81659A76269C32D2005C9336 /* BaseNavigationController.swift */ = {isa = PBXFileReference; lastKnownFileType = sourcecode.swift; path = BaseNavigationController.swift; sourceTree = "<group>"; };
		81659A9B269C330E005C9336 /* PublicFunc.swift */ = {isa = PBXFileReference; fileEncoding = 4; lastKnownFileType = sourcecode.swift; path = PublicFunc.swift; sourceTree = "<group>"; };
		81659A9C269C330E005C9336 /* MacroColor.swift */ = {isa = PBXFileReference; fileEncoding = 4; lastKnownFileType = sourcecode.swift; path = MacroColor.swift; sourceTree = "<group>"; };
		81659A9D269C330E005C9336 /* Extension.swift */ = {isa = PBXFileReference; fileEncoding = 4; lastKnownFileType = sourcecode.swift; path = Extension.swift; sourceTree = "<group>"; };
		81659A9E269C330E005C9336 /* Macro.swift */ = {isa = PBXFileReference; fileEncoding = 4; lastKnownFileType = sourcecode.swift; path = Macro.swift; sourceTree = "<group>"; };
		81659A9F269C330E005C9336 /* KeyedDecodingContainer+Extension.swift */ = {isa = PBXFileReference; fileEncoding = 4; lastKnownFileType = sourcecode.swift; path = "KeyedDecodingContainer+Extension.swift"; sourceTree = "<group>"; };
		81659AA1269C330E005C9336 /* UIButtonExtension.swift */ = {isa = PBXFileReference; fileEncoding = 4; lastKnownFileType = sourcecode.swift; path = UIButtonExtension.swift; sourceTree = "<group>"; };
		81659AA2269C330E005C9336 /* UIImageViewExtension.swift */ = {isa = PBXFileReference; fileEncoding = 4; lastKnownFileType = sourcecode.swift; path = UIImageViewExtension.swift; sourceTree = "<group>"; };
		81659AA3269C330E005C9336 /* UIColorExtension.swift */ = {isa = PBXFileReference; fileEncoding = 4; lastKnownFileType = sourcecode.swift; path = UIColorExtension.swift; sourceTree = "<group>"; };
		81659AA4269C330E005C9336 /* UITextViewExtension.swift */ = {isa = PBXFileReference; fileEncoding = 4; lastKnownFileType = sourcecode.swift; path = UITextViewExtension.swift; sourceTree = "<group>"; };
		81659AA5269C330E005C9336 /* ArrayExtension.swift */ = {isa = PBXFileReference; fileEncoding = 4; lastKnownFileType = sourcecode.swift; path = ArrayExtension.swift; sourceTree = "<group>"; };
		81659AA6269C330E005C9336 /* UITextFieldExtension.swift */ = {isa = PBXFileReference; fileEncoding = 4; lastKnownFileType = sourcecode.swift; path = UITextFieldExtension.swift; sourceTree = "<group>"; };
		81659AA7269C330E005C9336 /* UILabelExtension.swift */ = {isa = PBXFileReference; fileEncoding = 4; lastKnownFileType = sourcecode.swift; path = UILabelExtension.swift; sourceTree = "<group>"; };
		81659AA9269C330E005C9336 /* UIViewControllerExtension.swift */ = {isa = PBXFileReference; fileEncoding = 4; lastKnownFileType = sourcecode.swift; path = UIViewControllerExtension.swift; sourceTree = "<group>"; };
		81659AAA269C330E005C9336 /* TableViewExt.swift */ = {isa = PBXFileReference; fileEncoding = 4; lastKnownFileType = sourcecode.swift; path = TableViewExt.swift; sourceTree = "<group>"; };
		81659AAB269C330E005C9336 /* UIViewExtension.swift */ = {isa = PBXFileReference; fileEncoding = 4; lastKnownFileType = sourcecode.swift; path = UIViewExtension.swift; sourceTree = "<group>"; };
		81659AAC269C330E005C9336 /* UISliderExtension.swift */ = {isa = PBXFileReference; fileEncoding = 4; lastKnownFileType = sourcecode.swift; path = UISliderExtension.swift; sourceTree = "<group>"; };
		81659AAD269C330E005C9336 /* UITextFiledExtension.swift */ = {isa = PBXFileReference; fileEncoding = 4; lastKnownFileType = sourcecode.swift; path = UITextFiledExtension.swift; sourceTree = "<group>"; };
		81659AAE269C330E005C9336 /* UIStackView+Extension.swift */ = {isa = PBXFileReference; fileEncoding = 4; lastKnownFileType = sourcecode.swift; path = "UIStackView+Extension.swift"; sourceTree = "<group>"; };
		81659AAF269C330E005C9336 /* ProgressHUDManager.swift */ = {isa = PBXFileReference; fileEncoding = 4; lastKnownFileType = sourcecode.swift; path = ProgressHUDManager.swift; sourceTree = "<group>"; };
		81659AB0269C330E005C9336 /* UINavigationControllerExtension.swift */ = {isa = PBXFileReference; fileEncoding = 4; lastKnownFileType = sourcecode.swift; path = UINavigationControllerExtension.swift; sourceTree = "<group>"; };
		81659AB1269C330E005C9336 /* StringExtension.swift */ = {isa = PBXFileReference; fileEncoding = 4; lastKnownFileType = sourcecode.swift; path = StringExtension.swift; sourceTree = "<group>"; };
		81659AB2269C330E005C9336 /* EXNavigationPresenter.swift */ = {isa = PBXFileReference; fileEncoding = 4; lastKnownFileType = sourcecode.swift; path = EXNavigationPresenter.swift; sourceTree = "<group>"; };
		81659AB3269C330E005C9336 /* UIImageExtension.swift */ = {isa = PBXFileReference; fileEncoding = 4; lastKnownFileType = sourcecode.swift; path = UIImageExtension.swift; sourceTree = "<group>"; };
		81659AB4269C330E005C9336 /* FileTools.swift */ = {isa = PBXFileReference; fileEncoding = 4; lastKnownFileType = sourcecode.swift; path = FileTools.swift; sourceTree = "<group>"; };
		81659AB5269C330E005C9336 /* OTCTextFeild.swift */ = {isa = PBXFileReference; fileEncoding = 4; lastKnownFileType = sourcecode.swift; path = OTCTextFeild.swift; sourceTree = "<group>"; };
		81659AB6269C330F005C9336 /* UIProgressViewExtension.swift */ = {isa = PBXFileReference; fileEncoding = 4; lastKnownFileType = sourcecode.swift; path = UIProgressViewExtension.swift; sourceTree = "<group>"; };
		81659AB7269C330F005C9336 /* UISegmentedControlExtension.swift */ = {isa = PBXFileReference; fileEncoding = 4; lastKnownFileType = sourcecode.swift; path = UISegmentedControlExtension.swift; sourceTree = "<group>"; };
		81659AB8269C330F005C9336 /* ThemeFont.swift */ = {isa = PBXFileReference; fileEncoding = 4; lastKnownFileType = sourcecode.swift; path = ThemeFont.swift; sourceTree = "<group>"; };
		81659AB9269C330F005C9336 /* SaveFiles.swift */ = {isa = PBXFileReference; fileEncoding = 4; lastKnownFileType = sourcecode.swift; path = SaveFiles.swift; sourceTree = "<group>"; };
		81659ABA269C330F005C9336 /* Enum.swift */ = {isa = PBXFileReference; fileEncoding = 4; lastKnownFileType = sourcecode.swift; path = Enum.swift; sourceTree = "<group>"; };
		81659ADD269C3461005C9336 /* HomeViewController.swift */ = {isa = PBXFileReference; lastKnownFileType = sourcecode.swift; path = HomeViewController.swift; sourceTree = "<group>"; };
		81659AEE269C44F7005C9336 /* MenuViewController.swift */ = {isa = PBXFileReference; lastKnownFileType = sourcecode.swift; path = MenuViewController.swift; sourceTree = "<group>"; };
		81660DF6269FCA4000A94D75 /* ExportCodeViewController.swift */ = {isa = PBXFileReference; lastKnownFileType = sourcecode.swift; path = ExportCodeViewController.swift; sourceTree = "<group>"; };
		81660DF9269FD0AC00A94D75 /* ExportSelectCodeViewController.swift */ = {isa = PBXFileReference; lastKnownFileType = sourcecode.swift; path = ExportSelectCodeViewController.swift; sourceTree = "<group>"; };
		81660E0A26A005C600A94D75 /* CodeScan.bundle */ = {isa = PBXFileReference; lastKnownFileType = "wrapper.plug-in"; path = CodeScan.bundle; sourceTree = "<group>"; };
		81660E1226A00B2000A94D75 /* ModifyListViewController.swift */ = {isa = PBXFileReference; lastKnownFileType = sourcecode.swift; path = ModifyListViewController.swift; sourceTree = "<group>"; };
		81660E1526A0140C00A94D75 /* ModifyListTableViewCell.swift */ = {isa = PBXFileReference; lastKnownFileType = sourcecode.swift; path = ModifyListTableViewCell.swift; sourceTree = "<group>"; };
		81660E1626A0140C00A94D75 /* ModifyListTableViewCell.xib */ = {isa = PBXFileReference; lastKnownFileType = file.xib; path = ModifyListTableViewCell.xib; sourceTree = "<group>"; };
		81660E3926A0308F00A94D75 /* OTPGenerator.m */ = {isa = PBXFileReference; lastKnownFileType = sourcecode.c.objc; path = OTPGenerator.m; sourceTree = "<group>"; };
		81660E3A26A0308F00A94D75 /* TOTPGenerator.m */ = {isa = PBXFileReference; lastKnownFileType = sourcecode.c.objc; path = TOTPGenerator.m; sourceTree = "<group>"; };
		81660E3B26A0308F00A94D75 /* GTMStringEncoding.m */ = {isa = PBXFileReference; lastKnownFileType = sourcecode.c.objc; path = GTMStringEncoding.m; sourceTree = "<group>"; };
		81660E3C26A0308F00A94D75 /* OTPGenerator.h */ = {isa = PBXFileReference; lastKnownFileType = sourcecode.c.h; path = OTPGenerator.h; sourceTree = "<group>"; };
		81660E3D26A0308F00A94D75 /* GTMDefines.h */ = {isa = PBXFileReference; lastKnownFileType = sourcecode.c.h; path = GTMDefines.h; sourceTree = "<group>"; };
		81660E3E26A0308F00A94D75 /* GTMStringEncoding.h */ = {isa = PBXFileReference; lastKnownFileType = sourcecode.c.h; path = GTMStringEncoding.h; sourceTree = "<group>"; };
		81660E3F26A0308F00A94D75 /* TOTPGenerator.h */ = {isa = PBXFileReference; lastKnownFileType = sourcecode.c.h; path = TOTPGenerator.h; sourceTree = "<group>"; };
		8171BA64269C4BF700686093 /* SideMenu.framework */ = {isa = PBXFileReference; explicitFileType = wrapper.framework; path = SideMenu.framework; sourceTree = BUILT_PRODUCTS_DIR; };
		8171BA66269C4BF700686093 /* SVProgressHUD.framework */ = {isa = PBXFileReference; explicitFileType = wrapper.framework; path = SVProgressHUD.framework; sourceTree = BUILT_PRODUCTS_DIR; };
		81B004B6269D440200F46EC2 /* HomeListTableViewCell.swift */ = {isa = PBXFileReference; lastKnownFileType = sourcecode.swift; path = HomeListTableViewCell.swift; sourceTree = "<group>"; };
		81B004B7269D440200F46EC2 /* HomeListTableViewCell.xib */ = {isa = PBXFileReference; lastKnownFileType = file.xib; path = HomeListTableViewCell.xib; sourceTree = "<group>"; };
		81B004BB269D6B7000F46EC2 /* Roboto-BoldItalic.ttf */ = {isa = PBXFileReference; lastKnownFileType = file; path = "Roboto-BoldItalic.ttf"; sourceTree = "<group>"; };
		81B004C3269D778700F46EC2 /* DBChainCode-Bridging-Header.h */ = {isa = PBXFileReference; lastKnownFileType = sourcecode.c.h; path = "DBChainCode-Bridging-Header.h"; sourceTree = "<group>"; };
		81B004C9269D7C1400F46EC2 /* CircleProgressView.swift */ = {isa = PBXFileReference; lastKnownFileType = sourcecode.swift; path = CircleProgressView.swift; sourceTree = "<group>"; };
		81B004D8269D820B00F46EC2 /* RPCircularProgress.swift */ = {isa = PBXFileReference; lastKnownFileType = sourcecode.swift; path = RPCircularProgress.swift; sourceTree = "<group>"; };
		81CEEEDB26A1933E00500E6C /* ExportQRCodeViewController.swift */ = {isa = PBXFileReference; lastKnownFileType = sourcecode.swift; path = ExportQRCodeViewController.swift; sourceTree = "<group>"; };
		81CEEEDE26A19CBE00500E6C /* DeleteExportCodeViewController.swift */ = {isa = PBXFileReference; lastKnownFileType = sourcecode.swift; path = DeleteExportCodeViewController.swift; sourceTree = "<group>"; };
		8868282D50DD6BA365B3BDE4 /* Pods-DBChainCode.debug.xcconfig */ = {isa = PBXFileReference; includeInIndex = 1; lastKnownFileType = text.xcconfig; name = "Pods-DBChainCode.debug.xcconfig"; path = "Target Support Files/Pods-DBChainCode/Pods-DBChainCode.debug.xcconfig"; sourceTree = "<group>"; };
/* End PBXFileReference section */

/* Begin PBXFrameworksBuildPhase section */
		81659A59269C22FC005C9336 /* Frameworks */ = {
			isa = PBXFrameworksBuildPhase;
			buildActionMask = 2147483647;
			files = (
				8171BA67269C4BF700686093 /* SVProgressHUD.framework in Frameworks */,
				8171BA6B269C506400686093 /* SideMenu in Frameworks */,
				D0B8B3C7826B375C7BFFBA94 /* Pods_DBChainCode.framework in Frameworks */,
			);
			runOnlyForDeploymentPostprocessing = 0;
		};
/* End PBXFrameworksBuildPhase section */

/* Begin PBXGroup section */
		0ACEDA3423462393EA3E69B6 /* Frameworks */ = {
			isa = PBXGroup;
			children = (
				8171BA64269C4BF700686093 /* SideMenu.framework */,
				8171BA66269C4BF700686093 /* SVProgressHUD.framework */,
				1A45A9C5BCD313A1A3CB497F /* Pods_DBChainCode.framework */,
			);
			name = Frameworks;
			sourceTree = "<group>";
		};
		276243413EB956765A5A0745 /* Pods */ = {
			isa = PBXGroup;
			children = (
				8868282D50DD6BA365B3BDE4 /* Pods-DBChainCode.debug.xcconfig */,
				06D5FC66AB045CDD3BD5BAB2 /* Pods-DBChainCode.release.xcconfig */,
			);
			path = Pods;
			sourceTree = "<group>";
		};
		8107852E26A1524500ED1D0A /* M */ = {
			isa = PBXGroup;
			children = (
				8107853326A1528B00ED1D0A /* ExportCodeModel.swift */,
			);
			path = M;
			sourceTree = "<group>";
		};
		8107852F26A1526E00ED1D0A /* Tools */ = {
			isa = PBXGroup;
			children = (
				813AC24426A2CFF600A609F5 /* alertHelper.swift */,
				813AC24526A2CFF600A609F5 /* keyBoardHelper.swift */,
				8107853026A1526E00ED1D0A /* DBase32.swift */,
				8107853126A1526E00ED1D0A /* MCGCDTime.swift */,
				8107853226A1526E00ED1D0A /* CustomAnimatedTransitioning.swift */,
				813AC20E26A2C14A00A609F5 /* UIAlertControllerExtension.swift */,
				813AC21126A2C39B00A609F5 /* NSObjectExtension.swift */,
			);
			path = Tools;
			sourceTree = "<group>";
		};
		813AC23C26A2CFEA00A609F5 /* BioAuth */ = {
			isa = PBXGroup;
			children = (
				813AC23D26A2CFEA00A609F5 /* TJAuthErrors.swift */,
				813AC23E26A2CFEA00A609F5 /* TJDefaultMessages.swift */,
				813AC23F26A2CFEA00A609F5 /* TJBioAuthenticator.swift */,
			);
			path = BioAuth;
			sourceTree = "<group>";
		};
		81659A53269C22FC005C9336 = {
			isa = PBXGroup;
			children = (
				81659A5E269C22FC005C9336 /* DBChainCode */,
				81659A5D269C22FC005C9336 /* Products */,
				276243413EB956765A5A0745 /* Pods */,
				0ACEDA3423462393EA3E69B6 /* Frameworks */,
			);
			sourceTree = "<group>";
		};
		81659A5D269C22FC005C9336 /* Products */ = {
			isa = PBXGroup;
			children = (
				81659A5C269C22FC005C9336 /* DBChainCode.app */,
			);
			name = Products;
			sourceTree = "<group>";
		};
		81659A5E269C22FC005C9336 /* DBChainCode */ = {
			isa = PBXGroup;
			children = (
				813AC23C26A2CFEA00A609F5 /* BioAuth */,
				81B004C3269D778700F46EC2 /* DBChainCode-Bridging-Header.h */,
				8107852F26A1526E00ED1D0A /* Tools */,
				81660E3826A0308F00A94D75 /* OTP */,
				81660E0A26A005C600A94D75 /* CodeScan.bundle */,
				8107852E26A1524500ED1D0A /* M */,
				81659ADC269C3342005C9336 /* V */,
				81659ADB269C333A005C9336 /* C */,
				81659A9A269C330E005C9336 /* Utils */,
				81659A5F269C22FC005C9336 /* AppDelegate.swift */,
				81659A63269C22FC005C9336 /* ViewController.swift */,
				81659A76269C32D2005C9336 /* BaseNavigationController.swift */,
				81659A65269C22FC005C9336 /* Main.storyboard */,
				81659A68269C22FE005C9336 /* Assets.xcassets */,
				81659A6A269C22FE005C9336 /* LaunchScreen.storyboard */,
				81659A6D269C22FE005C9336 /* Info.plist */,
				81B004BB269D6B7000F46EC2 /* Roboto-BoldItalic.ttf */,
			);
			path = DBChainCode;
			sourceTree = "<group>";
		};
		81659A9A269C330E005C9336 /* Utils */ = {
			isa = PBXGroup;
			children = (
				81659A9B269C330E005C9336 /* PublicFunc.swift */,
				81659A9C269C330E005C9336 /* MacroColor.swift */,
				81659A9D269C330E005C9336 /* Extension.swift */,
				81659A9E269C330E005C9336 /* Macro.swift */,
				81659A9F269C330E005C9336 /* KeyedDecodingContainer+Extension.swift */,
				81659AB4269C330E005C9336 /* FileTools.swift */,
				81659AA0269C330E005C9336 /* ViewExt */,
				81659AB8269C330F005C9336 /* ThemeFont.swift */,
				81659AB9269C330F005C9336 /* SaveFiles.swift */,
				81659ABA269C330F005C9336 /* Enum.swift */,
			);
			path = Utils;
			sourceTree = "<group>";
		};
		81659AA0269C330E005C9336 /* ViewExt */ = {
			isa = PBXGroup;
			children = (
				81659AA1269C330E005C9336 /* UIButtonExtension.swift */,
				81659AA2269C330E005C9336 /* UIImageViewExtension.swift */,
				81659AA3269C330E005C9336 /* UIColorExtension.swift */,
				81659AA4269C330E005C9336 /* UITextViewExtension.swift */,
				81659AA5269C330E005C9336 /* ArrayExtension.swift */,
				81659AA6269C330E005C9336 /* UITextFieldExtension.swift */,
				81659AA7269C330E005C9336 /* UILabelExtension.swift */,
				81659AA9269C330E005C9336 /* UIViewControllerExtension.swift */,
				81659AAA269C330E005C9336 /* TableViewExt.swift */,
				81659AAB269C330E005C9336 /* UIViewExtension.swift */,
				81659AAC269C330E005C9336 /* UISliderExtension.swift */,
				81659AAD269C330E005C9336 /* UITextFiledExtension.swift */,
				81659AAE269C330E005C9336 /* UIStackView+Extension.swift */,
				81659AAF269C330E005C9336 /* ProgressHUDManager.swift */,
				81659AB0269C330E005C9336 /* UINavigationControllerExtension.swift */,
				81659AB1269C330E005C9336 /* StringExtension.swift */,
				81659AB2269C330E005C9336 /* EXNavigationPresenter.swift */,
				81659AB3269C330E005C9336 /* UIImageExtension.swift */,
				81659AB5269C330E005C9336 /* OTCTextFeild.swift */,
				81659AB6269C330F005C9336 /* UIProgressViewExtension.swift */,
				81659AB7269C330F005C9336 /* UISegmentedControlExtension.swift */,
			);
			path = ViewExt;
			sourceTree = "<group>";
		};
		81659ADB269C333A005C9336 /* C */ = {
			isa = PBXGroup;
			children = (
				81659ADD269C3461005C9336 /* HomeViewController.swift */,
				81659AEE269C44F7005C9336 /* MenuViewController.swift */,
				815A6689269EC3E300E54774 /* AddCodeViewController.swift */,
				815A6691269EDD8400E54774 /* SettingCodeViewController.swift */,
				815A6686269EB2BE00E54774 /* SettingViewController.swift */,
				815A6697269EE87C00E54774 /* PrivacyFaceIDViewController.swift */,
				815A669A269EE8D500E54774 /* UsageIDViewController.swift */,
				815A669E269EF01A00E54774 /* FeedBackViewController.swift */,
				81660DF6269FCA4000A94D75 /* ExportCodeViewController.swift */,
				81660DF9269FD0AC00A94D75 /* ExportSelectCodeViewController.swift */,
				81660E1226A00B2000A94D75 /* ModifyListViewController.swift */,
				8114173426A16FF800AFAF93 /* ModifyCodeNameViewController.swift */,
				8114173726A1800A00AFAF93 /* DeleteCodeHUDViewController.swift */,
				81CEEEDB26A1933E00500E6C /* ExportQRCodeViewController.swift */,
				81CEEEDE26A19CBE00500E6C /* DeleteExportCodeViewController.swift */,
				8122F90026A66776001717E7 /* ServiceClauseViewController.swift */,
			);
			path = C;
			sourceTree = "<group>";
		};
		81659ADC269C3342005C9336 /* V */ = {
			isa = PBXGroup;
			children = (
				81B004B6269D440200F46EC2 /* HomeListTableViewCell.swift */,
				81B004B7269D440200F46EC2 /* HomeListTableViewCell.xib */,
				81B004C9269D7C1400F46EC2 /* CircleProgressView.swift */,
				81B004D8269D820B00F46EC2 /* RPCircularProgress.swift */,
				815A6694269EDD9E00E54774 /* SettingCodeView.swift */,
				81660E1526A0140C00A94D75 /* ModifyListTableViewCell.swift */,
				81660E1626A0140C00A94D75 /* ModifyListTableViewCell.xib */,
			);
			path = V;
			sourceTree = "<group>";
		};
		81660E3826A0308F00A94D75 /* OTP */ = {
			isa = PBXGroup;
			children = (
				81660E3F26A0308F00A94D75 /* TOTPGenerator.h */,
				81660E3A26A0308F00A94D75 /* TOTPGenerator.m */,
				81660E3E26A0308F00A94D75 /* GTMStringEncoding.h */,
				81660E3B26A0308F00A94D75 /* GTMStringEncoding.m */,
				81660E3C26A0308F00A94D75 /* OTPGenerator.h */,
				81660E3926A0308F00A94D75 /* OTPGenerator.m */,
				81660E3D26A0308F00A94D75 /* GTMDefines.h */,
			);
			path = OTP;
			sourceTree = "<group>";
		};
/* End PBXGroup section */

/* Begin PBXNativeTarget section */
		81659A5B269C22FC005C9336 /* DBChainCode */ = {
			isa = PBXNativeTarget;
			buildConfigurationList = 81659A70269C22FE005C9336 /* Build configuration list for PBXNativeTarget "DBChainCode" */;
			buildPhases = (
				0B643D40D7F86358026AB01A /* [CP] Check Pods Manifest.lock */,
				81659A58269C22FC005C9336 /* Sources */,
				81659A59269C22FC005C9336 /* Frameworks */,
				81659A5A269C22FC005C9336 /* Resources */,
				67EC33403AA0F79C5EFB4E08 /* [CP] Embed Pods Frameworks */,
			);
			buildRules = (
			);
			dependencies = (
			);
			name = DBChainCode;
			packageProductDependencies = (
				8171BA6A269C506400686093 /* SideMenu */,
			);
			productName = DBChainCode;
			productReference = 81659A5C269C22FC005C9336 /* DBChainCode.app */;
			productType = "com.apple.product-type.application";
		};
/* End PBXNativeTarget section */

/* Begin PBXProject section */
		81659A54269C22FC005C9336 /* Project object */ = {
			isa = PBXProject;
			attributes = {
				LastSwiftUpdateCheck = 1220;
				LastUpgradeCheck = 1220;
				TargetAttributes = {
					81659A5B269C22FC005C9336 = {
						CreatedOnToolsVersion = 12.2;
						LastSwiftMigration = 1220;
					};
				};
			};
			buildConfigurationList = 81659A57269C22FC005C9336 /* Build configuration list for PBXProject "DBChainCode" */;
			compatibilityVersion = "Xcode 9.3";
			developmentRegion = en;
			hasScannedForEncodings = 0;
			knownRegions = (
				en,
				Base,
			);
			mainGroup = 81659A53269C22FC005C9336;
			packageReferences = (
				8171BA69269C506400686093 /* XCRemoteSwiftPackageReference "SideMenu" */,
			);
			productRefGroup = 81659A5D269C22FC005C9336 /* Products */;
			projectDirPath = "";
			projectRoot = "";
			targets = (
				81659A5B269C22FC005C9336 /* DBChainCode */,
			);
		};
/* End PBXProject section */

/* Begin PBXResourcesBuildPhase section */
		81659A5A269C22FC005C9336 /* Resources */ = {
			isa = PBXResourcesBuildPhase;
			buildActionMask = 2147483647;
			files = (
				81659A6C269C22FE005C9336 /* LaunchScreen.storyboard in Resources */,
				81660E0B26A005C600A94D75 /* CodeScan.bundle in Resources */,
				81659A69269C22FE005C9336 /* Assets.xcassets in Resources */,
				81660E1826A0140C00A94D75 /* ModifyListTableViewCell.xib in Resources */,
				81B004B9269D440200F46EC2 /* HomeListTableViewCell.xib in Resources */,
				81B004BC269D6B7000F46EC2 /* Roboto-BoldItalic.ttf in Resources */,
				81659A67269C22FC005C9336 /* Main.storyboard in Resources */,
			);
			runOnlyForDeploymentPostprocessing = 0;
		};
/* End PBXResourcesBuildPhase section */

/* Begin PBXShellScriptBuildPhase section */
		0B643D40D7F86358026AB01A /* [CP] Check Pods Manifest.lock */ = {
			isa = PBXShellScriptBuildPhase;
			buildActionMask = 2147483647;
			files = (
			);
			inputFileListPaths = (
			);
			inputPaths = (
				"${PODS_PODFILE_DIR_PATH}/Podfile.lock",
				"${PODS_ROOT}/Manifest.lock",
			);
			name = "[CP] Check Pods Manifest.lock";
			outputFileListPaths = (
			);
			outputPaths = (
				"$(DERIVED_FILE_DIR)/Pods-DBChainCode-checkManifestLockResult.txt",
			);
			runOnlyForDeploymentPostprocessing = 0;
			shellPath = /bin/sh;
			shellScript = "diff \"${PODS_PODFILE_DIR_PATH}/Podfile.lock\" \"${PODS_ROOT}/Manifest.lock\" > /dev/null\nif [ $? != 0 ] ; then\n    # print error to STDERR\n    echo \"error: The sandbox is not in sync with the Podfile.lock. Run 'pod install' or update your CocoaPods installation.\" >&2\n    exit 1\nfi\n# This output is used by Xcode 'outputs' to avoid re-running this script phase.\necho \"SUCCESS\" > \"${SCRIPT_OUTPUT_FILE_0}\"\n";
			showEnvVarsInLog = 0;
		};
		67EC33403AA0F79C5EFB4E08 /* [CP] Embed Pods Frameworks */ = {
			isa = PBXShellScriptBuildPhase;
			buildActionMask = 2147483647;
			files = (
			);
			inputFileListPaths = (
				"${PODS_ROOT}/Target Support Files/Pods-DBChainCode/Pods-DBChainCode-frameworks-${CONFIGURATION}-input-files.xcfilelist",
			);
			name = "[CP] Embed Pods Frameworks";
			outputFileListPaths = (
				"${PODS_ROOT}/Target Support Files/Pods-DBChainCode/Pods-DBChainCode-frameworks-${CONFIGURATION}-output-files.xcfilelist",
			);
			runOnlyForDeploymentPostprocessing = 0;
			shellPath = /bin/sh;
			shellScript = "\"${PODS_ROOT}/Target Support Files/Pods-DBChainCode/Pods-DBChainCode-frameworks.sh\"\n";
			showEnvVarsInLog = 0;
		};
/* End PBXShellScriptBuildPhase section */

/* Begin PBXSourcesBuildPhase section */
		81659A58269C22FC005C9336 /* Sources */ = {
			isa = PBXSourcesBuildPhase;
			buildActionMask = 2147483647;
			files = (
				8122F8FE26A66216001717E7 /* TJBioAuthenticator.swift in Sources */,
				8114173026A1542300AFAF93 /* DBase32.swift in Sources */,
				8114173126A1542300AFAF93 /* MCGCDTime.swift in Sources */,
				8114173226A1542300AFAF93 /* CustomAnimatedTransitioning.swift in Sources */,
				81660E4226A0361100A94D75 /* TOTPGenerator.m in Sources */,
				813AC20F26A2C14A00A609F5 /* UIAlertControllerExtension.swift in Sources */,
				81660E4326A0361100A94D75 /* GTMStringEncoding.m in Sources */,
				81660E4426A0361100A94D75 /* OTPGenerator.m in Sources */,
				81660DFA269FD0AC00A94D75 /* ExportSelectCodeViewController.swift in Sources */,
				813AC24026A2CFEA00A609F5 /* TJAuthErrors.swift in Sources */,
				815A668A269EC3E300E54774 /* AddCodeViewController.swift in Sources */,
				815A6698269EE87C00E54774 /* PrivacyFaceIDViewController.swift in Sources */,
				81659AD4269C330F005C9336 /* OTCTextFeild.swift in Sources */,
				81659AC1269C330F005C9336 /* UIImageViewExtension.swift in Sources */,
				813AC24126A2CFEA00A609F5 /* TJDefaultMessages.swift in Sources */,
				81659AD5269C330F005C9336 /* UIProgressViewExtension.swift in Sources */,
				81659A64269C22FC005C9336 /* ViewController.swift in Sources */,
				81659ADE269C3461005C9336 /* HomeViewController.swift in Sources */,
				81659ABE269C330F005C9336 /* Macro.swift in Sources */,
				81659ACB269C330F005C9336 /* UISliderExtension.swift in Sources */,
				8114173826A1800A00AFAF93 /* DeleteCodeHUDViewController.swift in Sources */,
				81659AD2269C330F005C9336 /* UIImageExtension.swift in Sources */,
				813AC24626A2CFF600A609F5 /* alertHelper.swift in Sources */,
				8122F90126A66776001717E7 /* ServiceClauseViewController.swift in Sources */,
				81659AC8269C330F005C9336 /* UIViewControllerExtension.swift in Sources */,
				81659AC3269C330F005C9336 /* UITextViewExtension.swift in Sources */,
				81B004B8269D440200F46EC2 /* HomeListTableViewCell.swift in Sources */,
				81659AD0269C330F005C9336 /* StringExtension.swift in Sources */,
				815A6692269EDD8400E54774 /* SettingCodeViewController.swift in Sources */,
				8114173526A16FF800AFAF93 /* ModifyCodeNameViewController.swift in Sources */,
				81659A60269C22FC005C9336 /* AppDelegate.swift in Sources */,
				81659ABF269C330F005C9336 /* KeyedDecodingContainer+Extension.swift in Sources */,
				81CEEEDF26A19CBE00500E6C /* DeleteExportCodeViewController.swift in Sources */,
				81CEEEDC26A1933E00500E6C /* ExportQRCodeViewController.swift in Sources */,
				81659ABC269C330F005C9336 /* MacroColor.swift in Sources */,
				81659AC6269C330F005C9336 /* UILabelExtension.swift in Sources */,
				815A6695269EDD9E00E54774 /* SettingCodeView.swift in Sources */,
				81B004D9269D820B00F46EC2 /* RPCircularProgress.swift in Sources */,
				815A669B269EE8D500E54774 /* UsageIDViewController.swift in Sources */,
				81659AC0269C330F005C9336 /* UIButtonExtension.swift in Sources */,
				81659AC9269C330F005C9336 /* TableViewExt.swift in Sources */,
				81659ABD269C330F005C9336 /* Extension.swift in Sources */,
				81660E1326A00B2000A94D75 /* ModifyListViewController.swift in Sources */,
				81659ACA269C330F005C9336 /* UIViewExtension.swift in Sources */,
				81659AC5269C330F005C9336 /* UITextFieldExtension.swift in Sources */,
				81659AD7269C330F005C9336 /* ThemeFont.swift in Sources */,
				81659AC2269C330F005C9336 /* UIColorExtension.swift in Sources */,
				815A669F269EF01A00E54774 /* FeedBackViewController.swift in Sources */,
				813AC24726A2CFF600A609F5 /* keyBoardHelper.swift in Sources */,
				81659AD8269C330F005C9336 /* SaveFiles.swift in Sources */,
				81660E1726A0140C00A94D75 /* ModifyListTableViewCell.swift in Sources */,
				81659AD3269C330F005C9336 /* FileTools.swift in Sources */,
				81659ABB269C330F005C9336 /* PublicFunc.swift in Sources */,
				81659A77269C32D2005C9336 /* BaseNavigationController.swift in Sources */,
				81659ACC269C330F005C9336 /* UITextFiledExtension.swift in Sources */,
				81660DF7269FCA4000A94D75 /* ExportCodeViewController.swift in Sources */,
				81659AD1269C330F005C9336 /* EXNavigationPresenter.swift in Sources */,
				81659AC4269C330F005C9336 /* ArrayExtension.swift in Sources */,
				81B004CA269D7C1400F46EC2 /* CircleProgressView.swift in Sources */,
				81659AD6269C330F005C9336 /* UISegmentedControlExtension.swift in Sources */,
				81659AD9269C330F005C9336 /* Enum.swift in Sources */,
				8107853426A1528B00ED1D0A /* ExportCodeModel.swift in Sources */,
				815A6687269EB2BE00E54774 /* SettingViewController.swift in Sources */,
				81659AEF269C44F7005C9336 /* MenuViewController.swift in Sources */,
				81659ACD269C330F005C9336 /* UIStackView+Extension.swift in Sources */,
				81659ACE269C330F005C9336 /* ProgressHUDManager.swift in Sources */,
				81659ACF269C330F005C9336 /* UINavigationControllerExtension.swift in Sources */,
				813AC21226A2C39B00A609F5 /* NSObjectExtension.swift in Sources */,
			);
			runOnlyForDeploymentPostprocessing = 0;
		};
/* End PBXSourcesBuildPhase section */

/* Begin PBXVariantGroup section */
		81659A65269C22FC005C9336 /* Main.storyboard */ = {
			isa = PBXVariantGroup;
			children = (
				81659A66269C22FC005C9336 /* Base */,
			);
			name = Main.storyboard;
			sourceTree = "<group>";
		};
		81659A6A269C22FE005C9336 /* LaunchScreen.storyboard */ = {
			isa = PBXVariantGroup;
			children = (
				81659A6B269C22FE005C9336 /* Base */,
			);
			name = LaunchScreen.storyboard;
			sourceTree = "<group>";
		};
/* End PBXVariantGroup section */

/* Begin XCBuildConfiguration section */
		81659A6E269C22FE005C9336 /* Debug */ = {
			isa = XCBuildConfiguration;
			buildSettings = {
				ALWAYS_SEARCH_USER_PATHS = NO;
				CLANG_ANALYZER_NONNULL = YES;
				CLANG_ANALYZER_NUMBER_OBJECT_CONVERSION = YES_AGGRESSIVE;
				CLANG_CXX_LANGUAGE_STANDARD = "gnu++14";
				CLANG_CXX_LIBRARY = "libc++";
				CLANG_ENABLE_MODULES = YES;
				CLANG_ENABLE_OBJC_ARC = YES;
				CLANG_ENABLE_OBJC_WEAK = YES;
				CLANG_WARN_BLOCK_CAPTURE_AUTORELEASING = YES;
				CLANG_WARN_BOOL_CONVERSION = YES;
				CLANG_WARN_COMMA = YES;
				CLANG_WARN_CONSTANT_CONVERSION = YES;
				CLANG_WARN_DEPRECATED_OBJC_IMPLEMENTATIONS = YES;
				CLANG_WARN_DIRECT_OBJC_ISA_USAGE = YES_ERROR;
				CLANG_WARN_DOCUMENTATION_COMMENTS = YES;
				CLANG_WARN_EMPTY_BODY = YES;
				CLANG_WARN_ENUM_CONVERSION = YES;
				CLANG_WARN_INFINITE_RECURSION = YES;
				CLANG_WARN_INT_CONVERSION = YES;
				CLANG_WARN_NON_LITERAL_NULL_CONVERSION = YES;
				CLANG_WARN_OBJC_IMPLICIT_RETAIN_SELF = YES;
				CLANG_WARN_OBJC_LITERAL_CONVERSION = YES;
				CLANG_WARN_OBJC_ROOT_CLASS = YES_ERROR;
				CLANG_WARN_QUOTED_INCLUDE_IN_FRAMEWORK_HEADER = YES;
				CLANG_WARN_RANGE_LOOP_ANALYSIS = YES;
				CLANG_WARN_STRICT_PROTOTYPES = YES;
				CLANG_WARN_SUSPICIOUS_MOVE = YES;
				CLANG_WARN_UNGUARDED_AVAILABILITY = YES_AGGRESSIVE;
				CLANG_WARN_UNREACHABLE_CODE = YES;
				CLANG_WARN__DUPLICATE_METHOD_MATCH = YES;
				COPY_PHASE_STRIP = NO;
				DEBUG_INFORMATION_FORMAT = dwarf;
				ENABLE_STRICT_OBJC_MSGSEND = YES;
				ENABLE_TESTABILITY = YES;
				GCC_C_LANGUAGE_STANDARD = gnu11;
				GCC_DYNAMIC_NO_PIC = NO;
				GCC_NO_COMMON_BLOCKS = YES;
				GCC_OPTIMIZATION_LEVEL = 0;
				GCC_PREPROCESSOR_DEFINITIONS = (
					"DEBUG=1",
					"$(inherited)",
				);
				GCC_WARN_64_TO_32_BIT_CONVERSION = YES;
				GCC_WARN_ABOUT_RETURN_TYPE = YES_ERROR;
				GCC_WARN_UNDECLARED_SELECTOR = YES;
				GCC_WARN_UNINITIALIZED_AUTOS = YES_AGGRESSIVE;
				GCC_WARN_UNUSED_FUNCTION = YES;
				GCC_WARN_UNUSED_VARIABLE = YES;
				IPHONEOS_DEPLOYMENT_TARGET = 14.2;
				MTL_ENABLE_DEBUG_INFO = INCLUDE_SOURCE;
				MTL_FAST_MATH = YES;
				ONLY_ACTIVE_ARCH = YES;
				SDKROOT = iphoneos;
				SWIFT_ACTIVE_COMPILATION_CONDITIONS = DEBUG;
				SWIFT_OPTIMIZATION_LEVEL = "-Onone";
			};
			name = Debug;
		};
		81659A6F269C22FE005C9336 /* Release */ = {
			isa = XCBuildConfiguration;
			buildSettings = {
				ALWAYS_SEARCH_USER_PATHS = NO;
				CLANG_ANALYZER_NONNULL = YES;
				CLANG_ANALYZER_NUMBER_OBJECT_CONVERSION = YES_AGGRESSIVE;
				CLANG_CXX_LANGUAGE_STANDARD = "gnu++14";
				CLANG_CXX_LIBRARY = "libc++";
				CLANG_ENABLE_MODULES = YES;
				CLANG_ENABLE_OBJC_ARC = YES;
				CLANG_ENABLE_OBJC_WEAK = YES;
				CLANG_WARN_BLOCK_CAPTURE_AUTORELEASING = YES;
				CLANG_WARN_BOOL_CONVERSION = YES;
				CLANG_WARN_COMMA = YES;
				CLANG_WARN_CONSTANT_CONVERSION = YES;
				CLANG_WARN_DEPRECATED_OBJC_IMPLEMENTATIONS = YES;
				CLANG_WARN_DIRECT_OBJC_ISA_USAGE = YES_ERROR;
				CLANG_WARN_DOCUMENTATION_COMMENTS = YES;
				CLANG_WARN_EMPTY_BODY = YES;
				CLANG_WARN_ENUM_CONVERSION = YES;
				CLANG_WARN_INFINITE_RECURSION = YES;
				CLANG_WARN_INT_CONVERSION = YES;
				CLANG_WARN_NON_LITERAL_NULL_CONVERSION = YES;
				CLANG_WARN_OBJC_IMPLICIT_RETAIN_SELF = YES;
				CLANG_WARN_OBJC_LITERAL_CONVERSION = YES;
				CLANG_WARN_OBJC_ROOT_CLASS = YES_ERROR;
				CLANG_WARN_QUOTED_INCLUDE_IN_FRAMEWORK_HEADER = YES;
				CLANG_WARN_RANGE_LOOP_ANALYSIS = YES;
				CLANG_WARN_STRICT_PROTOTYPES = YES;
				CLANG_WARN_SUSPICIOUS_MOVE = YES;
				CLANG_WARN_UNGUARDED_AVAILABILITY = YES_AGGRESSIVE;
				CLANG_WARN_UNREACHABLE_CODE = YES;
				CLANG_WARN__DUPLICATE_METHOD_MATCH = YES;
				COPY_PHASE_STRIP = NO;
				DEBUG_INFORMATION_FORMAT = "dwarf-with-dsym";
				ENABLE_NS_ASSERTIONS = NO;
				ENABLE_STRICT_OBJC_MSGSEND = YES;
				GCC_C_LANGUAGE_STANDARD = gnu11;
				GCC_NO_COMMON_BLOCKS = YES;
				GCC_WARN_64_TO_32_BIT_CONVERSION = YES;
				GCC_WARN_ABOUT_RETURN_TYPE = YES_ERROR;
				GCC_WARN_UNDECLARED_SELECTOR = YES;
				GCC_WARN_UNINITIALIZED_AUTOS = YES_AGGRESSIVE;
				GCC_WARN_UNUSED_FUNCTION = YES;
				GCC_WARN_UNUSED_VARIABLE = YES;
				IPHONEOS_DEPLOYMENT_TARGET = 14.2;
				MTL_ENABLE_DEBUG_INFO = NO;
				MTL_FAST_MATH = YES;
				SDKROOT = iphoneos;
				SWIFT_COMPILATION_MODE = wholemodule;
				SWIFT_OPTIMIZATION_LEVEL = "-O";
				VALIDATE_PRODUCT = YES;
			};
			name = Release;
		};
		81659A71269C22FE005C9336 /* Debug */ = {
			isa = XCBuildConfiguration;
			baseConfigurationReference = 8868282D50DD6BA365B3BDE4 /* Pods-DBChainCode.debug.xcconfig */;
			buildSettings = {
				ASSETCATALOG_COMPILER_APPICON_NAME = AppIcon;
				ASSETCATALOG_COMPILER_GLOBAL_ACCENT_COLOR_NAME = AccentColor;
				CLANG_ENABLE_MODULES = YES;
				CODE_SIGN_STYLE = Automatic;
				DEVELOPMENT_TEAM = 4654J23WVM;
				INFOPLIST_FILE = DBChainCode/Info.plist;
				IPHONEOS_DEPLOYMENT_TARGET = 10.0;
				LD_RUNPATH_SEARCH_PATHS = (
					"$(inherited)",
					"@executable_path/Frameworks",
				);
				PRODUCT_BUNDLE_IDENTIFIER = dzh.com.DBChainCode;
				PRODUCT_NAME = "$(TARGET_NAME)";
				SWIFT_OBJC_BRIDGING_HEADER = "DBChainCode/DBChainCode-Bridging-Header.h";
				SWIFT_OPTIMIZATION_LEVEL = "-Onone";
				SWIFT_VERSION = 5.0;
				TARGETED_DEVICE_FAMILY = "1,2";
			};
			name = Debug;
		};
		81659A72269C22FE005C9336 /* Release */ = {
			isa = XCBuildConfiguration;
			baseConfigurationReference = 06D5FC66AB045CDD3BD5BAB2 /* Pods-DBChainCode.release.xcconfig */;
			buildSettings = {
				ASSETCATALOG_COMPILER_APPICON_NAME = AppIcon;
				ASSETCATALOG_COMPILER_GLOBAL_ACCENT_COLOR_NAME = AccentColor;
				CLANG_ENABLE_MODULES = YES;
				CODE_SIGN_STYLE = Automatic;
				DEVELOPMENT_TEAM = 4654J23WVM;
				INFOPLIST_FILE = DBChainCode/Info.plist;
				IPHONEOS_DEPLOYMENT_TARGET = 10.0;
				LD_RUNPATH_SEARCH_PATHS = (
					"$(inherited)",
					"@executable_path/Frameworks",
				);
				PRODUCT_BUNDLE_IDENTIFIER = dzh.com.DBChainCode;
				PRODUCT_NAME = "$(TARGET_NAME)";
				SWIFT_OBJC_BRIDGING_HEADER = "DBChainCode/DBChainCode-Bridging-Header.h";
				SWIFT_VERSION = 5.0;
				TARGETED_DEVICE_FAMILY = "1,2";
			};
			name = Release;
		};
/* End XCBuildConfiguration section */

/* Begin XCConfigurationList section */
		81659A57269C22FC005C9336 /* Build configuration list for PBXProject "DBChainCode" */ = {
			isa = XCConfigurationList;
			buildConfigurations = (
				81659A6E269C22FE005C9336 /* Debug */,
				81659A6F269C22FE005C9336 /* Release */,
			);
			defaultConfigurationIsVisible = 0;
			defaultConfigurationName = Release;
		};
		81659A70269C22FE005C9336 /* Build configuration list for PBXNativeTarget "DBChainCode" */ = {
			isa = XCConfigurationList;
			buildConfigurations = (
				81659A71269C22FE005C9336 /* Debug */,
				81659A72269C22FE005C9336 /* Release */,
			);
			defaultConfigurationIsVisible = 0;
			defaultConfigurationName = Release;
		};
/* End XCConfigurationList section */

/* Begin XCRemoteSwiftPackageReference section */
		8171BA69269C506400686093 /* XCRemoteSwiftPackageReference "SideMenu" */ = {
			isa = XCRemoteSwiftPackageReference;
			repositoryURL = "https://github.com/jonkykong/SideMenu.git";
			requirement = {
				kind = upToNextMajorVersion;
				minimumVersion = 6.0.0;
			};
		};
/* End XCRemoteSwiftPackageReference section */

/* Begin XCSwiftPackageProductDependency section */
		8171BA6A269C506400686093 /* SideMenu */ = {
			isa = XCSwiftPackageProductDependency;
			package = 8171BA69269C506400686093 /* XCRemoteSwiftPackageReference "SideMenu" */;
			productName = SideMenu;
		};
/* End XCSwiftPackageProductDependency section */
	};
	rootObject = 81659A54269C22FC005C9336 /* Project object */;
}
